
Microsoft Visual Studio Solution File, Format Version 12.00
# Visual Studio Version 17
VisualStudioVersion = 17.3.32929.385
MinimumVisualStudioVersion = 10.0.40219.1
Project("{9A19103F-16F7-4668-BE54-9A1E7A4F7556}") = "SFA.DAS.QnA.Api", "SFA.DAS.QnA.Api\SFA.DAS.QnA.Api.csproj", "{45D96E1A-E1E7-4617-90AF-276FE3E7F329}"
EndProject
Project("{9A19103F-16F7-4668-BE54-9A1E7A4F7556}") = "SFA.DAS.QnA.Configuration", "SFA.DAS.QnA.Configuration\SFA.DAS.QnA.Configuration.csproj", "{1723FA0A-A534-4BA0-ABB4-03E0BF960468}"
EndProject
Project("{9A19103F-16F7-4668-BE54-9A1E7A4F7556}") = "SFA.DAS.QnA.Application", "SFA.DAS.QnA.Application\SFA.DAS.QnA.Application.csproj", "{BCFADD21-9C66-43A9-8B43-4E867F37308C}"
EndProject
Project("{9A19103F-16F7-4668-BE54-9A1E7A4F7556}") = "SFA.DAS.QnA.Data", "SFA.DAS.QnA.Data\SFA.DAS.QnA.Data.csproj", "{9FB56912-905B-4B91-8F48-7DEA030A87AC}"
EndProject
Project("{00D1A9C2-B5F0-4AF3-8072-F6C62B433612}") = "SFA.DAS.QnA.Database", "SFA.DAS.QnA.Database\SFA.DAS.QnA.Database.sqlproj", "{821F1855-08DB-4C78-A4B9-D526C55A8636}"
EndProject
Project("{9A19103F-16F7-4668-BE54-9A1E7A4F7556}") = "SFA.DAS.QnA.Api.UnitTests", "SFA.DAS.QnA.Api.UnitTests\SFA.DAS.QnA.Api.UnitTests.csproj", "{96E54966-9B0E-4EF2-A10B-3AE92F0B4A83}"
EndProject
Project("{9A19103F-16F7-4668-BE54-9A1E7A4F7556}") = "SFA.DAS.QnA.Application.UnitTests", "SFA.DAS.QnA.Application.UnitTests\SFA.DAS.QnA.Application.UnitTests.csproj", "{7C51C3A3-DBBF-4493-9A46-C85C4CFAB6FC}"
EndProject
Project("{9A19103F-16F7-4668-BE54-9A1E7A4F7556}") = "SFA.DAS.QnA.Api.Types", "SFA.DAS.QnA.Api.Types\SFA.DAS.QnA.Api.Types.csproj", "{694626D7-BA6C-487B-9F2B-0CED6BFD7519}"
EndProject
Project("{2150E333-8FDC-42A3-9474-1A3956D46DE8}") = "Tests", "Tests", "{00AD1E6C-7A90-44EF-9713-2724978F25CE}"
EndProject
Project("{9A19103F-16F7-4668-BE54-9A1E7A4F7556}") = "SFA.DAS.QnA.Api.Views", "SFA.DAS.QnA.Api.Views\SFA.DAS.QnA.Api.Views.csproj", "{F26B0FE3-BFD5-4D9B-8D88-99ED99A054D4}"
EndProject
Project("{9A19103F-16F7-4668-BE54-9A1E7A4F7556}") = "SFA.DAS.QnA.Api.Client", "SFA.DAS.QnA.Api.Client\SFA.DAS.QnA.Api.Client.csproj", "{539B1877-186A-4664-A3B5-558E2E408CA4}"
EndProject
Global
	GlobalSection(SolutionConfigurationPlatforms) = preSolution
		Debug|Any CPU = Debug|Any CPU
		Release|Any CPU = Release|Any CPU
	EndGlobalSection
	GlobalSection(ProjectConfigurationPlatforms) = postSolution
		{45D96E1A-E1E7-4617-90AF-276FE3E7F329}.Debug|Any CPU.ActiveCfg = Debug|Any CPU
		{45D96E1A-E1E7-4617-90AF-276FE3E7F329}.Debug|Any CPU.Build.0 = Debug|Any CPU
		{45D96E1A-E1E7-4617-90AF-276FE3E7F329}.Release|Any CPU.ActiveCfg = Release|Any CPU
		{45D96E1A-E1E7-4617-90AF-276FE3E7F329}.Release|Any CPU.Build.0 = Release|Any CPU
		{1723FA0A-A534-4BA0-ABB4-03E0BF960468}.Debug|Any CPU.ActiveCfg = Debug|Any CPU
		{1723FA0A-A534-4BA0-ABB4-03E0BF960468}.Debug|Any CPU.Build.0 = Debug|Any CPU
		{1723FA0A-A534-4BA0-ABB4-03E0BF960468}.Release|Any CPU.ActiveCfg = Release|Any CPU
		{1723FA0A-A534-4BA0-ABB4-03E0BF960468}.Release|Any CPU.Build.0 = Release|Any CPU
		{BCFADD21-9C66-43A9-8B43-4E867F37308C}.Debug|Any CPU.ActiveCfg = Debug|Any CPU
		{BCFADD21-9C66-43A9-8B43-4E867F37308C}.Debug|Any CPU.Build.0 = Debug|Any CPU
		{BCFADD21-9C66-43A9-8B43-4E867F37308C}.Release|Any CPU.ActiveCfg = Release|Any CPU
		{BCFADD21-9C66-43A9-8B43-4E867F37308C}.Release|Any CPU.Build.0 = Release|Any CPU
		{9FB56912-905B-4B91-8F48-7DEA030A87AC}.Debug|Any CPU.ActiveCfg = Debug|Any CPU
		{9FB56912-905B-4B91-8F48-7DEA030A87AC}.Debug|Any CPU.Build.0 = Debug|Any CPU
		{9FB56912-905B-4B91-8F48-7DEA030A87AC}.Release|Any CPU.ActiveCfg = Release|Any CPU
		{9FB56912-905B-4B91-8F48-7DEA030A87AC}.Release|Any CPU.Build.0 = Release|Any CPU
		{821F1855-08DB-4C78-A4B9-D526C55A8636}.Debug|Any CPU.ActiveCfg = Debug|Any CPU
		{821F1855-08DB-4C78-A4B9-D526C55A8636}.Debug|Any CPU.Build.0 = Debug|Any CPU
		{821F1855-08DB-4C78-A4B9-D526C55A8636}.Debug|Any CPU.Deploy.0 = Debug|Any CPU
		{821F1855-08DB-4C78-A4B9-D526C55A8636}.Release|Any CPU.ActiveCfg = Release|Any CPU
		{821F1855-08DB-4C78-A4B9-D526C55A8636}.Release|Any CPU.Build.0 = Release|Any CPU
		{821F1855-08DB-4C78-A4B9-D526C55A8636}.Release|Any CPU.Deploy.0 = Release|Any CPU
		{96E54966-9B0E-4EF2-A10B-3AE92F0B4A83}.Debug|Any CPU.ActiveCfg = Debug|Any CPU
		{96E54966-9B0E-4EF2-A10B-3AE92F0B4A83}.Debug|Any CPU.Build.0 = Debug|Any CPU
		{96E54966-9B0E-4EF2-A10B-3AE92F0B4A83}.Release|Any CPU.ActiveCfg = Release|Any CPU
		{96E54966-9B0E-4EF2-A10B-3AE92F0B4A83}.Release|Any CPU.Build.0 = Release|Any CPU
		{7C51C3A3-DBBF-4493-9A46-C85C4CFAB6FC}.Debug|Any CPU.ActiveCfg = Debug|Any CPU
		{7C51C3A3-DBBF-4493-9A46-C85C4CFAB6FC}.Debug|Any CPU.Build.0 = Debug|Any CPU
		{7C51C3A3-DBBF-4493-9A46-C85C4CFAB6FC}.Release|Any CPU.ActiveCfg = Release|Any CPU
		{7C51C3A3-DBBF-4493-9A46-C85C4CFAB6FC}.Release|Any CPU.Build.0 = Release|Any CPU
		{694626D7-BA6C-487B-9F2B-0CED6BFD7519}.Debug|Any CPU.ActiveCfg = Debug|Any CPU
		{694626D7-BA6C-487B-9F2B-0CED6BFD7519}.Debug|Any CPU.Build.0 = Debug|Any CPU
		{694626D7-BA6C-487B-9F2B-0CED6BFD7519}.Release|Any CPU.ActiveCfg = Release|Any CPU
		{694626D7-BA6C-487B-9F2B-0CED6BFD7519}.Release|Any CPU.Build.0 = Release|Any CPU
		{F26B0FE3-BFD5-4D9B-8D88-99ED99A054D4}.Debug|Any CPU.ActiveCfg = Debug|Any CPU
		{F26B0FE3-BFD5-4D9B-8D88-99ED99A054D4}.Debug|Any CPU.Build.0 = Debug|Any CPU
		{F26B0FE3-BFD5-4D9B-8D88-99ED99A054D4}.Release|Any CPU.ActiveCfg = Release|Any CPU
		{F26B0FE3-BFD5-4D9B-8D88-99ED99A054D4}.Release|Any CPU.Build.0 = Release|Any CPU
		{539B1877-186A-4664-A3B5-558E2E408CA4}.Debug|Any CPU.ActiveCfg = Debug|Any CPU
		{539B1877-186A-4664-A3B5-558E2E408CA4}.Debug|Any CPU.Build.0 = Debug|Any CPU
		{539B1877-186A-4664-A3B5-558E2E408CA4}.Release|Any CPU.ActiveCfg = Release|Any CPU
		{539B1877-186A-4664-A3B5-558E2E408CA4}.Release|Any CPU.Build.0 = Release|Any CPU
	EndGlobalSection
	GlobalSection(SolutionProperties) = preSolution
		HideSolutionNode = FALSE
	EndGlobalSection
	GlobalSection(NestedProjects) = preSolution
		{96E54966-9B0E-4EF2-A10B-3AE92F0B4A83} = {00AD1E6C-7A90-44EF-9713-2724978F25CE}
		{7C51C3A3-DBBF-4493-9A46-C85C4CFAB6FC} = {00AD1E6C-7A90-44EF-9713-2724978F25CE}
	EndGlobalSection
	GlobalSection(ExtensibilityGlobals) = postSolution
		SolutionGuid = {9AFB93E9-481C-404F-8C8B-136E1F878AD1}
	EndGlobalSection
EndGlobal
